# THIS IS AN AUTOGENERATED FILE. DO NOT EDIT THIS FILE DIRECTLY.
# yarn lockfile v1


encoding@^0.1.11:
  version "0.1.12"
  resolved "https://registry.yarnpkg.com/encoding/-/encoding-0.1.12.tgz#538b66f3ee62cd1ab51ec323829d1f9480c74beb"
  dependencies:
    iconv-lite "~0.4.13"

foreachasync@^3.0.0:
  version "3.0.0"
  resolved "https://registry.yarnpkg.com/foreachasync/-/foreachasync-3.0.0.tgz#5502987dc8714be3392097f32e0071c9dee07cf6"

fs-extra@~0.6.1:
  version "0.6.4"
  resolved "https://registry.yarnpkg.com/fs-extra/-/fs-extra-0.6.4.tgz#f46f0c75b7841f8d200b3348cd4d691d5a099d15"
  dependencies:
    jsonfile "~1.0.1"
    mkdirp "0.3.x"
    ncp "~0.4.2"
    rimraf "~2.2.0"

fs.extra@^1.3.2:
  version "1.3.2"
  resolved "https://registry.yarnpkg.com/fs.extra/-/fs.extra-1.3.2.tgz#dd023f93013bee24531f1b33514c37b20fd93349"
  dependencies:
    fs-extra "~0.6.1"
    mkdirp "~0.3.5"
    walk "^2.3.9"

iconv-lite@~0.4.13:
  version "0.4.19"
  resolved "https://registry.yarnpkg.com/iconv-lite/-/iconv-lite-0.4.19.tgz#f7468f60135f5e5dad3399c0a81be9a1603a082b"

is-stream@^1.0.1:
  version "1.1.0"
  resolved "https://registry.yarnpkg.com/is-stream/-/is-stream-1.1.0.tgz#12d4a3dd4e68e0b79ceb8dbc84173ae80d91ca44"

jsonfile@~1.0.1:
  version "1.0.1"
  resolved "https://registry.yarnpkg.com/jsonfile/-/jsonfile-1.0.1.tgz#ea5efe40b83690b98667614a7392fc60e842c0dd"

mkdirp@0.3.x, mkdirp@~0.3.5:
  version "0.3.5"
  resolved "https://registry.yarnpkg.com/mkdirp/-/mkdirp-0.3.5.tgz#de3e5f8961c88c787ee1368df849ac4413eca8d7"

ncp@~0.4.2:
  version "0.4.2"
  resolved "https://registry.yarnpkg.com/ncp/-/ncp-0.4.2.tgz#abcc6cbd3ec2ed2a729ff6e7c1fa8f01784a8574"

node-fetch@^1.7.3:
  version "1.7.3"
  resolved "https://registry.yarnpkg.com/node-fetch/-/node-fetch-1.7.3.tgz#980f6f72d85211a5347c6b2bc18c5b84c3eb47ef"
  dependencies:
    encoding "^0.1.11"
    is-stream "^1.0.1"

rimraf@~2.2.0:
  version "2.2.8"
  resolved "https://registry.yarnpkg.com/rimraf/-/rimraf-2.2.8.tgz#e439be2aaee327321952730f99a8929e4fc50582"

walk@^2.3.9:
  version "2.3.13"
  resolved "https://registry.yarnpkg.com/walk/-/walk-2.3.13.tgz#400852ade80df679f54637e4f08654ed6628f6da"
  dependencies:
    foreachasync "^3.0.0"
